{
  "requires": true,
  "lockfileVersion": 1,
  "dependencies": {
    "cordova-plugin-backbutton": {
      "version": "0.3.0",
      "resolved": "https://registry.npmjs.org/cordova-plugin-backbutton/-/cordova-plugin-backbutton-0.3.0.tgz",
      "integrity": "sha1-dS/Wj/+D05F64e/23izVD8zgJOM="
    }
  }
}
